
Microsoft Visual Studio Solution File, Format Version 12.00
Project("{FAE04EC0-301F-11D3-BF4B-00C04F79EFBC}") = "PWABlog", "PWABlog\PWABlog.csproj", "{D1E7DA92-9C8A-415F-9229-EDFBDF10FABC}"
EndProject
Global
	GlobalSection(SolutionConfigurationPlatforms) = preSolution
		Debug|Any CPU = Debug|Any CPU
		Release|Any CPU = Release|Any CPU
	EndGlobalSection
	GlobalSection(ProjectConfigurationPlatforms) = postSolution
		{D1E7DA92-9C8A-415F-9229-EDFBDF10FABC}.Debug|Any CPU.ActiveCfg = Debug|Any CPU
		{D1E7DA92-9C8A-415F-9229-EDFBDF10FABC}.Debug|Any CPU.Build.0 = Debug|Any CPU
		{D1E7DA92-9C8A-415F-9229-EDFBDF10FABC}.Release|Any CPU.ActiveCfg = Release|Any CPU
		{D1E7DA92-9C8A-415F-9229-EDFBDF10FABC}.Release|Any CPU.Build.0 = Release|Any CPU
	EndGlobalSection
EndGlobal
