
Microsoft Visual Studio Solution File, Format Version 12.00
# Visual Studio Version 16
VisualStudioVersion = 16.0.30011.22
MinimumVisualStudioVersion = 10.0.40219.1
Project("{9A19103F-16F7-4668-BE54-9A1E7A4F7556}") = "PWABlog", "PWABlog\PWABlog.csproj", "{D1E7DA92-9C8A-415F-9229-EDFBDF10FABC}"
EndProject
Global
	GlobalSection(SolutionConfigurationPlatforms) = preSolution
		Debug|Any CPU = Debug|Any CPU
		Release|Any CPU = Release|Any CPU
	EndGlobalSection
	GlobalSection(ProjectConfigurationPlatforms) = postSolution
		{D1E7DA92-9C8A-415F-9229-EDFBDF10FABC}.Debug|Any CPU.ActiveCfg = Debug|Any CPU
		{D1E7DA92-9C8A-415F-9229-EDFBDF10FABC}.Debug|Any CPU.Build.0 = Debug|Any CPU
		{D1E7DA92-9C8A-415F-9229-EDFBDF10FABC}.Release|Any CPU.ActiveCfg = Release|Any CPU
		{D1E7DA92-9C8A-415F-9229-EDFBDF10FABC}.Release|Any CPU.Build.0 = Release|Any CPU
	EndGlobalSection
	GlobalSection(SolutionProperties) = preSolution
		HideSolutionNode = FALSE
	EndGlobalSection
	GlobalSection(ExtensibilityGlobals) = postSolution
		SolutionGuid = {D89DFCA5-1626-4667-BCB9-3AF247A204E9}
	EndGlobalSection
EndGlobal
